
Microsoft Visual Studio Solution File, Format Version 12.00
# Visual Studio Version 17
VisualStudioVersion = 17.12.35707.178
MinimumVisualStudioVersion = 10.0.40219.1
Project("{2150E333-8FDC-42A3-9474-1A3956D46DE8}") = "Solution Items", "Solution Items", "{396FB875-CAA5-4C54-B268-4AF6900C1120}"
	ProjectSection(SolutionItems) = preProject
		assets\LunaFlow Logo.png = assets\LunaFlow Logo.png
		version.json = version.json
	EndProjectSection
EndProject
Project("{FAE04EC0-301F-11D3-BF4B-00C04F79EFBC}") = "LunaFlow.Engine", "src\LunaFlow.Engine\LunaFlow.Engine.csproj", "{39AE83C7-469D-FA7B-F8A3-BFBE26AB09F8}"
EndProject
Project("{FAE04EC0-301F-11D3-BF4B-00C04F79EFBC}") = "LunaFlow_A.Documentation", "LunaFlow_A.Documentation\LunaFlow_A.Documentation.csproj", "{9B7A5825-3FE6-413C-8812-FDB86C87B778}"
	ProjectSection(ProjectDependencies) = postProject
		{142C3E7B-3E2C-4F29-47C9-B10EF9B40581} = {142C3E7B-3E2C-4F29-47C9-B10EF9B40581}
		{255C9EFB-609A-7961-3A4D-41D67EE7980C} = {255C9EFB-609A-7961-3A4D-41D67EE7980C}
		{39AE83C7-469D-FA7B-F8A3-BFBE26AB09F8} = {39AE83C7-469D-FA7B-F8A3-BFBE26AB09F8}
		{C8289A5F-DB98-CC4C-BCF6-74D8728978CA} = {C8289A5F-DB98-CC4C-BCF6-74D8728978CA}
	EndProjectSection
EndProject
Project("{FAE04EC0-301F-11D3-BF4B-00C04F79EFBC}") = "LunaFlow.EngineTests", "tests\LunaFlow.EngineTests\LunaFlow.EngineTests.csproj", "{C8289A5F-DB98-CC4C-BCF6-74D8728978CA}"
EndProject
Project("{FAE04EC0-301F-11D3-BF4B-00C04F79EFBC}") = "LunaFlow.Rules", "src\LunaFlow.Rules\LunaFlow.Rules.csproj", "{142C3E7B-3E2C-4F29-47C9-B10EF9B40581}"
EndProject
Project("{FAE04EC0-301F-11D3-BF4B-00C04F79EFBC}") = "MyLunaFlowServer", "src\MyLunaFlowServer\MyLunaFlowServer.csproj", "{255C9EFB-609A-7961-3A4D-41D67EE7980C}"
	ProjectSection(ProjectDependencies) = postProject
		{142C3E7B-3E2C-4F29-47C9-B10EF9B40581} = {142C3E7B-3E2C-4F29-47C9-B10EF9B40581}
	EndProjectSection
EndProject
Global
	GlobalSection(SolutionConfigurationPlatforms) = preSolution
		Debug|Any CPU = Debug|Any CPU
		Release|Any CPU = Release|Any CPU
	EndGlobalSection
	GlobalSection(ProjectConfigurationPlatforms) = postSolution
		{39AE83C7-469D-FA7B-F8A3-BFBE26AB09F8}.Debug|Any CPU.ActiveCfg = Debug|Any CPU
		{39AE83C7-469D-FA7B-F8A3-BFBE26AB09F8}.Debug|Any CPU.Build.0 = Debug|Any CPU
		{39AE83C7-469D-FA7B-F8A3-BFBE26AB09F8}.Release|Any CPU.ActiveCfg = Release|Any CPU
		{39AE83C7-469D-FA7B-F8A3-BFBE26AB09F8}.Release|Any CPU.Build.0 = Release|Any CPU
		{9B7A5825-3FE6-413C-8812-FDB86C87B778}.Debug|Any CPU.ActiveCfg = Debug|Any CPU
		{9B7A5825-3FE6-413C-8812-FDB86C87B778}.Debug|Any CPU.Build.0 = Debug|Any CPU
		{9B7A5825-3FE6-413C-8812-FDB86C87B778}.Release|Any CPU.ActiveCfg = Release|Any CPU
		{9B7A5825-3FE6-413C-8812-FDB86C87B778}.Release|Any CPU.Build.0 = Release|Any CPU
		{C8289A5F-DB98-CC4C-BCF6-74D8728978CA}.Debug|Any CPU.ActiveCfg = Debug|Any CPU
		{C8289A5F-DB98-CC4C-BCF6-74D8728978CA}.Debug|Any CPU.Build.0 = Debug|Any CPU
		{C8289A5F-DB98-CC4C-BCF6-74D8728978CA}.Release|Any CPU.ActiveCfg = Release|Any CPU
		{C8289A5F-DB98-CC4C-BCF6-74D8728978CA}.Release|Any CPU.Build.0 = Release|Any CPU
		{142C3E7B-3E2C-4F29-47C9-B10EF9B40581}.Debug|Any CPU.ActiveCfg = Debug|Any CPU
		{142C3E7B-3E2C-4F29-47C9-B10EF9B40581}.Debug|Any CPU.Build.0 = Debug|Any CPU
		{142C3E7B-3E2C-4F29-47C9-B10EF9B40581}.Release|Any CPU.ActiveCfg = Release|Any CPU
		{142C3E7B-3E2C-4F29-47C9-B10EF9B40581}.Release|Any CPU.Build.0 = Release|Any CPU
		{255C9EFB-609A-7961-3A4D-41D67EE7980C}.Debug|Any CPU.ActiveCfg = Debug|Any CPU
		{255C9EFB-609A-7961-3A4D-41D67EE7980C}.Debug|Any CPU.Build.0 = Debug|Any CPU
		{255C9EFB-609A-7961-3A4D-41D67EE7980C}.Release|Any CPU.ActiveCfg = Release|Any CPU
		{255C9EFB-609A-7961-3A4D-41D67EE7980C}.Release|Any CPU.Build.0 = Release|Any CPU
	EndGlobalSection
	GlobalSection(SolutionProperties) = preSolution
		HideSolutionNode = FALSE
	EndGlobalSection
	GlobalSection(ExtensibilityGlobals) = postSolution
		SolutionGuid = {87417EAE-3689-4F85-B3C0-8A69220CBB21}
	EndGlobalSection
EndGlobal
